FORGE
  remote: https://forgeapi.puppetlabs.com
  specs:
    maestrodev/rvm (1.9.0)
      puppetlabs/stdlib (>= 4.0.0)
    puppetlabs/apt (1.5.2)
      puppetlabs/stdlib (>= 2.2.1)
    puppetlabs/concat (1.1.0)
      puppetlabs/stdlib (>= 4.0.0)
    puppetlabs/java (1.1.1)
      puppetlabs/stdlib (>= 0.1.6)
    puppetlabs/stdlib (4.5.1)

GIT
  remote: git@github.com:hoccer/puppet-backuppc-client.git
  ref: master
  sha: 4069d31f337a81b8ef429cf1e4fcf35280e9e2d0
  specs:
    hoccer/backuppc-client (0.0.1)

GIT
  remote: git@github.com:hoccer/puppet-deployment-user.git
  ref: master
  sha: fd8f8155a65420f27b8c259d29c4158ba57c68fd
  specs:
    hoccer/deployment-user (0.0.1)

GIT
  remote: git@github.com:hoccer/puppet-hoccer-certs.git
  ref: master
  sha: 8e0d2f0a2a4b4bdf0f3ac8a4fe73b10cabefac07
  specs:
    hoccer/hoccer-certs (0.0.1)

GIT
  remote: git@github.com:hoccer/puppet-nrpe.git
  ref: master
  sha: daa1f9014bd258b7f9a1e98c82a416e949439010
  specs:
    hoccer/nrpe (0.0.1)

GIT
  remote: git@github.com:jfryman/puppet-nginx.git
  ref: master
  sha: 61b569ca02e11a86c1abf647490b5f98a4aee03c
  specs:
    jfryman/nginx (0.0.9)
      puppetlabs/apt (>= 1.0.0)
      puppetlabs/concat (>= 1.1.0)
      puppetlabs/stdlib (>= 3.0.0)

DEPENDENCIES
  hoccer/backuppc-client (>= 0)
  hoccer/deployment-user (>= 0)
  hoccer/hoccer-certs (>= 0)
  hoccer/nrpe (>= 0)
  jfryman/nginx (>= 0)
  maestrodev/rvm (>= 0)
  puppetlabs/java (>= 0)
  puppetlabs/stdlib (>= 0)

