FORGE
  remote: http://forge.puppetlabs.com
  specs:
    puppetlabs/java (1.1.1)
      puppetlabs/stdlib (>= 0.1.6)
    puppetlabs/stdlib (4.3.2)

GIT
  remote: git@github.com:hoccer/puppet-backuppc-client.git
  ref: master
  sha: 4069d31f337a81b8ef429cf1e4fcf35280e9e2d0
  specs:
    hoccer/backuppc-client (0.0.1)

GIT
  remote: git@github.com:hoccer/puppet-deployment-user.git
  ref: master
  sha: fd8f8155a65420f27b8c259d29c4158ba57c68fd
  specs:
    hoccer/deployment-user (0.0.1)

GIT
  remote: git@github.com:hoccer/puppet-hoccer-certs.git
  ref: master
  sha: 8e0d2f0a2a4b4bdf0f3ac8a4fe73b10cabefac07
  specs:
    hoccer/hoccer-certs (0.0.1)

GIT
  remote: git@github.com:hoccer/puppet-nrpe.git
  ref: master
  sha: daa1f9014bd258b7f9a1e98c82a416e949439010
  specs:
    hoccer/nrpe (0.0.1)

DEPENDENCIES
  hoccer/backuppc-client (>= 0)
  hoccer/deployment-user (>= 0)
  hoccer/hoccer-certs (>= 0)
  hoccer/nrpe (>= 0)
  puppetlabs/java (>= 0)
  puppetlabs/stdlib (>= 0)

