FORGE
  remote: http://forge.puppetlabs.com
  specs:
    jfryman/nginx (0.0.9)
      puppetlabs/apt (>= 1.0.0)
      puppetlabs/concat (>= 1.0.0)
      puppetlabs/stdlib (>= 0.1.6)
    puppetlabs/apt (1.4.2)
      puppetlabs/stdlib (>= 2.2.1)
    puppetlabs/concat (1.1.0-rc1)
      puppetlabs/stdlib (>= 3.0.0)
    puppetlabs/java (1.1.1)
      puppetlabs/stdlib (>= 0.1.6)
    puppetlabs/stdlib (4.1.0)

GIT
  remote: git@github.com:hoccer/puppet-backuppc-client.git
  ref: master
  sha: 4069d31f337a81b8ef429cf1e4fcf35280e9e2d0
  specs:
    hoccer/backuppc-client (0.0.1)

GIT
  remote: git@github.com:hoccer/puppet-deployment-user.git
  ref: master
  sha: b154bef0ad874bafc1ff14339fa6e8ed5b900876
  specs:
    hoccer/deployment-user (0.0.1)

GIT
  remote: git@github.com:hoccer/puppet-hoccer-certs.git
  ref: master
  sha: 8e0d2f0a2a4b4bdf0f3ac8a4fe73b10cabefac07
  specs:
    hoccer/hoccer-certs (0.0.1)

GIT
  remote: git@github.com:hoccer/puppet-nrpe.git
  ref: master
  sha: 2930fe7e6f0a1138f3e0aa50a8a7086adc17d78c
  specs:
    hoccer/nrpe (0.0.1)

DEPENDENCIES
  hoccer/backuppc-client (>= 0)
  hoccer/deployment-user (>= 0)
  hoccer/hoccer-certs (>= 0)
  hoccer/nrpe (>= 0)
  jfryman/nginx (>= 0)
  puppetlabs/java (>= 0)
  puppetlabs/stdlib (>= 0)

